# THIS IS AN AUTOGENERATED FILE. DO NOT EDIT THIS FILE DIRECTLY.
# yarn lockfile v1


crypto-js@^3.1.9-1:
  version "3.1.9-1"
  resolved "https://registry.yarnpkg.com/crypto-js/-/crypto-js-3.1.9-1.tgz#fda19e761fc077e01ffbfdc6e9fdfc59e8806cd8"
  integrity sha1-/aGedh/Ad+Af+/3G6f38WeiAbNg=

uni-simple-router@^1.2.5:
  version "1.2.5"
  resolved "https://registry.yarnpkg.com/uni-simple-router/-/uni-simple-router-1.2.5.tgz#2c71ff5c44639788776df96065e4d73378378483"
  integrity sha512-S+I7mDszDxK++73sFZXThX1NODAtZfeyPiILY+KfZerVnBbFmxdGPRk1NbVGEI8K/B0mRHtwSu+L+BtedIhBYg==
